
Microsoft Visual Studio Solution File, Format Version 12.00
# Visual Studio 2013
VisualStudioVersion = 12.0.30723.0
MinimumVisualStudioVersion = 10.0.40219.1
Project("{FAE04EC0-301F-11D3-BF4B-00C04F79EFBC}") = "Birthday App", "Birthday App\Birthday App.csproj", "{620AD8FD-7B9E-4C81-9E02-39DC48970BA0}"
EndProject
Global
	GlobalSection(SolutionConfigurationPlatforms) = preSolution
		Debug|Any CPU = Debug|Any CPU
		Release|Any CPU = Release|Any CPU
	EndGlobalSection
	GlobalSection(ProjectConfigurationPlatforms) = postSolution
		{620AD8FD-7B9E-4C81-9E02-39DC48970BA0}.Debug|Any CPU.ActiveCfg = Debug|Any CPU
		{620AD8FD-7B9E-4C81-9E02-39DC48970BA0}.Debug|Any CPU.Build.0 = Debug|Any CPU
		{620AD8FD-7B9E-4C81-9E02-39DC48970BA0}.Release|Any CPU.ActiveCfg = Release|Any CPU
		{620AD8FD-7B9E-4C81-9E02-39DC48970BA0}.Release|Any CPU.Build.0 = Release|Any CPU
	EndGlobalSection
	GlobalSection(SolutionProperties) = preSolution
		HideSolutionNode = FALSE
	EndGlobalSection
EndGlobal
